{
  "version": 1,
  "sources": {
    "caddie": {
      "type": "git",
      "url": "https://github.com/sreejithraman/Caddie.git",
      "commit": "e233c5a97e899029ddef027aeb387aa7b9933548"
    },
    "matt": {
      "type": "git",
      "url": "https://github.com/mattpocock/skills.git",
      "commit": "66898f60e8c744e269f8ce06c2b2b99ce7660d5f"
    },
    "cursor": {
      "type": "git",
      "url": "https://github.com/cursor/plugins.git",
      "commit": "a29f5a8ca161b1de4ffc5484454958bebc04eaa5"
    }
  }
}
